
Microsoft Visual Studio Solution File, Format Version 12.00
# Visual Studio 2013
VisualStudioVersion = 12.0.40629.0
MinimumVisualStudioVersion = 10.0.40219.1
Project("{FAE04EC0-301F-11D3-BF4B-00C04F79EFBC}") = "Testing", "Testing\Testing.csproj", "{62ABEC7D-EA13-4B20-9ACA-7515931ABBF2}"
EndProject
Project("{FAE04EC0-301F-11D3-BF4B-00C04F79EFBC}") = "MyExtensions", "Extensions\MyExtensions.csproj", "{75893BDD-B750-41AA-930C-45DF138A42B5}"
EndProject
Project("{FAE04EC0-301F-11D3-BF4B-00C04F79EFBC}") = "Student", "Student\Student.csproj", "{60FEB769-B367-4241-B33C-83C3CAD18A0F}"
EndProject
Project("{FAE04EC0-301F-11D3-BF4B-00C04F79EFBC}") = "MyTimer", "Timer\MyTimer.csproj", "{91C06782-EEB1-4FCD-B7B5-4B4FC9E5B99E}"
EndProject
Project("{FAE04EC0-301F-11D3-BF4B-00C04F79EFBC}") = "Group", "Group\Group.csproj", "{BAC591CE-470A-4984-B793-D64EC3E6E7BC}"
EndProject
Global
	GlobalSection(SolutionConfigurationPlatforms) = preSolution
		Debug|Any CPU = Debug|Any CPU
		Release|Any CPU = Release|Any CPU
	EndGlobalSection
	GlobalSection(ProjectConfigurationPlatforms) = postSolution
		{62ABEC7D-EA13-4B20-9ACA-7515931ABBF2}.Debug|Any CPU.ActiveCfg = Debug|Any CPU
		{62ABEC7D-EA13-4B20-9ACA-7515931ABBF2}.Debug|Any CPU.Build.0 = Debug|Any CPU
		{62ABEC7D-EA13-4B20-9ACA-7515931ABBF2}.Release|Any CPU.ActiveCfg = Release|Any CPU
		{62ABEC7D-EA13-4B20-9ACA-7515931ABBF2}.Release|Any CPU.Build.0 = Release|Any CPU
		{75893BDD-B750-41AA-930C-45DF138A42B5}.Debug|Any CPU.ActiveCfg = Debug|Any CPU
		{75893BDD-B750-41AA-930C-45DF138A42B5}.Debug|Any CPU.Build.0 = Debug|Any CPU
		{75893BDD-B750-41AA-930C-45DF138A42B5}.Release|Any CPU.ActiveCfg = Release|Any CPU
		{75893BDD-B750-41AA-930C-45DF138A42B5}.Release|Any CPU.Build.0 = Release|Any CPU
		{60FEB769-B367-4241-B33C-83C3CAD18A0F}.Debug|Any CPU.ActiveCfg = Debug|Any CPU
		{60FEB769-B367-4241-B33C-83C3CAD18A0F}.Debug|Any CPU.Build.0 = Debug|Any CPU
		{60FEB769-B367-4241-B33C-83C3CAD18A0F}.Release|Any CPU.ActiveCfg = Release|Any CPU
		{60FEB769-B367-4241-B33C-83C3CAD18A0F}.Release|Any CPU.Build.0 = Release|Any CPU
		{91C06782-EEB1-4FCD-B7B5-4B4FC9E5B99E}.Debug|Any CPU.ActiveCfg = Debug|Any CPU
		{91C06782-EEB1-4FCD-B7B5-4B4FC9E5B99E}.Debug|Any CPU.Build.0 = Debug|Any CPU
		{91C06782-EEB1-4FCD-B7B5-4B4FC9E5B99E}.Release|Any CPU.ActiveCfg = Release|Any CPU
		{91C06782-EEB1-4FCD-B7B5-4B4FC9E5B99E}.Release|Any CPU.Build.0 = Release|Any CPU
		{BAC591CE-470A-4984-B793-D64EC3E6E7BC}.Debug|Any CPU.ActiveCfg = Debug|Any CPU
		{BAC591CE-470A-4984-B793-D64EC3E6E7BC}.Debug|Any CPU.Build.0 = Debug|Any CPU
		{BAC591CE-470A-4984-B793-D64EC3E6E7BC}.Release|Any CPU.ActiveCfg = Release|Any CPU
		{BAC591CE-470A-4984-B793-D64EC3E6E7BC}.Release|Any CPU.Build.0 = Release|Any CPU
	EndGlobalSection
	GlobalSection(SolutionProperties) = preSolution
		HideSolutionNode = FALSE
	EndGlobalSection
EndGlobal
