
Microsoft Visual Studio Solution File, Format Version 12.00
# Visual Studio 2013
VisualStudioVersion = 12.0.40629.0
MinimumVisualStudioVersion = 10.0.40219.1
Project("{FAE04EC0-301F-11D3-BF4B-00C04F79EFBC}") = "SchoolClasses", "SchoolClasses\SchoolClasses.csproj", "{EF249FC1-8EC9-4B8B-8104-B04C960ACF09}"
EndProject
Project("{FAE04EC0-301F-11D3-BF4B-00C04F79EFBC}") = "TestingPrgm", "TestingPrgm\TestingPrgm.csproj", "{46DAC0A3-9A04-422A-BFF3-AB9C882F7618}"
EndProject
Project("{FAE04EC0-301F-11D3-BF4B-00C04F79EFBC}") = "StudentsAndWorkers", "StudentsAndWorkers\StudentsAndWorkers.csproj", "{EC22661D-CA72-497F-8FB0-BB9ECF411376}"
EndProject
Project("{FAE04EC0-301F-11D3-BF4B-00C04F79EFBC}") = "AnimalHierarchy", "AnimalHierarchy\AnimalHierarchy.csproj", "{B16328AE-C292-43F4-824D-6DD46374D8D9}"
EndProject
Global
	GlobalSection(SolutionConfigurationPlatforms) = preSolution
		Debug|Any CPU = Debug|Any CPU
		Release|Any CPU = Release|Any CPU
	EndGlobalSection
	GlobalSection(ProjectConfigurationPlatforms) = postSolution
		{EF249FC1-8EC9-4B8B-8104-B04C960ACF09}.Debug|Any CPU.ActiveCfg = Debug|Any CPU
		{EF249FC1-8EC9-4B8B-8104-B04C960ACF09}.Debug|Any CPU.Build.0 = Debug|Any CPU
		{EF249FC1-8EC9-4B8B-8104-B04C960ACF09}.Release|Any CPU.ActiveCfg = Release|Any CPU
		{EF249FC1-8EC9-4B8B-8104-B04C960ACF09}.Release|Any CPU.Build.0 = Release|Any CPU
		{46DAC0A3-9A04-422A-BFF3-AB9C882F7618}.Debug|Any CPU.ActiveCfg = Debug|Any CPU
		{46DAC0A3-9A04-422A-BFF3-AB9C882F7618}.Debug|Any CPU.Build.0 = Debug|Any CPU
		{46DAC0A3-9A04-422A-BFF3-AB9C882F7618}.Release|Any CPU.ActiveCfg = Release|Any CPU
		{46DAC0A3-9A04-422A-BFF3-AB9C882F7618}.Release|Any CPU.Build.0 = Release|Any CPU
		{EC22661D-CA72-497F-8FB0-BB9ECF411376}.Debug|Any CPU.ActiveCfg = Debug|Any CPU
		{EC22661D-CA72-497F-8FB0-BB9ECF411376}.Debug|Any CPU.Build.0 = Debug|Any CPU
		{EC22661D-CA72-497F-8FB0-BB9ECF411376}.Release|Any CPU.ActiveCfg = Release|Any CPU
		{EC22661D-CA72-497F-8FB0-BB9ECF411376}.Release|Any CPU.Build.0 = Release|Any CPU
		{B16328AE-C292-43F4-824D-6DD46374D8D9}.Debug|Any CPU.ActiveCfg = Debug|Any CPU
		{B16328AE-C292-43F4-824D-6DD46374D8D9}.Debug|Any CPU.Build.0 = Debug|Any CPU
		{B16328AE-C292-43F4-824D-6DD46374D8D9}.Release|Any CPU.ActiveCfg = Release|Any CPU
		{B16328AE-C292-43F4-824D-6DD46374D8D9}.Release|Any CPU.Build.0 = Release|Any CPU
	EndGlobalSection
	GlobalSection(SolutionProperties) = preSolution
		HideSolutionNode = FALSE
	EndGlobalSection
EndGlobal
